// !$*UTF8*$!
{
	archiveVersion = 1;
	classes = {
	};
	objectVersion = 46;
	objects = {

/* Begin PBXBuildFile section */
		4A02D6511C7E0A1B004D98DF /* DocumentWindowController.swift in Sources */ = {isa = PBXBuildFile; fileRef = 4A02D6501C7E0A1B004D98DF /* DocumentWindowController.swift */; };
		4A02D6521C7E0A1B004D98DF /* DocumentWindowController.swift in Sources */ = {isa = PBXBuildFile; fileRef = 4A02D6501C7E0A1B004D98DF /* DocumentWindowController.swift */; };
		4A02D6541C7E0EFB004D98DF /* ControlEventHandler.swift in Sources */ = {isa = PBXBuildFile; fileRef = 4A02D6531C7E0EFB004D98DF /* ControlEventHandler.swift */; };
		4A02D6551C7E0EFB004D98DF /* ControlEventHandler.swift in Sources */ = {isa = PBXBuildFile; fileRef = 4A02D6531C7E0EFB004D98DF /* ControlEventHandler.swift */; };
		4A02D6561C7E0EFB004D98DF /* ControlEventHandler.swift in Sources */ = {isa = PBXBuildFile; fileRef = 4A02D6531C7E0EFB004D98DF /* ControlEventHandler.swift */; };
		4A02D6921C7E1358004D98DF /* ConfigurationWindowController.swift in Sources */ = {isa = PBXBuildFile; fileRef = 4A02D6901C7E1358004D98DF /* ConfigurationWindowController.swift */; };
		4A02D6931C7E1358004D98DF /* ConfigurationWindowController.swift in Sources */ = {isa = PBXBuildFile; fileRef = 4A02D6901C7E1358004D98DF /* ConfigurationWindowController.swift */; };
		4A02D6941C7E1358004D98DF /* ConfigurationWindowController.xib in Resources */ = {isa = PBXBuildFile; fileRef = 4A02D6911C7E1358004D98DF /* ConfigurationWindowController.xib */; };
		4A02D6951C7E1358004D98DF /* ConfigurationWindowController.xib in Resources */ = {isa = PBXBuildFile; fileRef = 4A02D6911C7E1358004D98DF /* ConfigurationWindowController.xib */; };
		4A05832C1C928C4000F3D0E0 /* GeneMapTests.swift in Sources */ = {isa = PBXBuildFile; fileRef = 4A05832B1C928C4000F3D0E0 /* GeneMapTests.swift */; };
		4A05832E1C9297F000F3D0E0 /* ChalmersTrial.swift in Sources */ = {isa = PBXBuildFile; fileRef = 4A05832D1C9297F000F3D0E0 /* ChalmersTrial.swift */; };
		4A05832F1C9297F000F3D0E0 /* ChalmersTrial.swift in Sources */ = {isa = PBXBuildFile; fileRef = 4A05832D1C9297F000F3D0E0 /* ChalmersTrial.swift */; };
		4A0583311C92A19400F3D0E0 /* ExperimentConfig.swift in Sources */ = {isa = PBXBuildFile; fileRef = 4A0583301C92A19400F3D0E0 /* ExperimentConfig.swift */; };
		4A0583321C92A19400F3D0E0 /* ExperimentConfig.swift in Sources */ = {isa = PBXBuildFile; fileRef = 4A0583301C92A19400F3D0E0 /* ExperimentConfig.swift */; };
		4A12524B1BA860FC0096A717 /* Document.xcdatamodeld in Sources */ = {isa = PBXBuildFile; fileRef = 4A825ECC1B2D019E00C8CEA3 /* Document.xcdatamodeld */; };
		4A13A0D51B64404D0047E858 /* SupervisedLearningRule.swift in Sources */ = {isa = PBXBuildFile; fileRef = 4A13A0D41B64404D0047E858 /* SupervisedLearningRule.swift */; };
		4A13A0D61B64404D0047E858 /* SupervisedLearningRule.swift in Sources */ = {isa = PBXBuildFile; fileRef = 4A13A0D41B64404D0047E858 /* SupervisedLearningRule.swift */; };
		4A1BE8BA1C8FF33900790B3A /* LearningTest.swift in Sources */ = {isa = PBXBuildFile; fileRef = 4A1BE8B91C8FF33900790B3A /* LearningTest.swift */; };
		4A1BE8BB1C8FF33900790B3A /* LearningTest.swift in Sources */ = {isa = PBXBuildFile; fileRef = 4A1BE8B91C8FF33900790B3A /* LearningTest.swift */; };
		4A1D739D1B54A8C300E788B9 /* ArrayWrapper.swift in Sources */ = {isa = PBXBuildFile; fileRef = 4A1D739C1B54A8C300E788B9 /* ArrayWrapper.swift */; };
		4A1D739E1B54A8C300E788B9 /* ArrayWrapper.swift in Sources */ = {isa = PBXBuildFile; fileRef = 4A1D739C1B54A8C300E788B9 /* ArrayWrapper.swift */; };
		4A28EC001CDFD127001D844F /* ExperimentDriver.swift in Sources */ = {isa = PBXBuildFile; fileRef = 4A28EBFF1CDFD127001D844F /* ExperimentDriver.swift */; };
		4A2EE79F1BEE8DA4007D17FD /* FitnessAgent.swift in Sources */ = {isa = PBXBuildFile; fileRef = 4A2EE79E1BEE8DA4007D17FD /* FitnessAgent.swift */; };
		4A2EE7A01BEE8DA4007D17FD /* FitnessAgent.swift in Sources */ = {isa = PBXBuildFile; fileRef = 4A2EE79E1BEE8DA4007D17FD /* FitnessAgent.swift */; };
		4A2EE7A21BEFF467007D17FD /* GlobalFunctions.swift in Sources */ = {isa = PBXBuildFile; fileRef = 4A2EE7A11BEFF466007D17FD /* GlobalFunctions.swift */; };
		4A2EE7A31BEFF467007D17FD /* GlobalFunctions.swift in Sources */ = {isa = PBXBuildFile; fileRef = 4A2EE7A11BEFF466007D17FD /* GlobalFunctions.swift */; };
		4A2EE7A51BEFF4B2007D17FD /* FeedForwardNeuralNetwork.swift in Sources */ = {isa = PBXBuildFile; fileRef = 4A2EE7A41BEFF4B2007D17FD /* FeedForwardNeuralNetwork.swift */; };
		4A2EE7A61BEFF4B2007D17FD /* FeedForwardNeuralNetwork.swift in Sources */ = {isa = PBXBuildFile; fileRef = 4A2EE7A41BEFF4B2007D17FD /* FeedForwardNeuralNetwork.swift */; };
		4A2F11631B5DD7520055AFF8 /* DataManager.swift in Sources */ = {isa = PBXBuildFile; fileRef = 4A2F11621B5DD7520055AFF8 /* DataManager.swift */; };
		4A2F11641B5DD7530055AFF8 /* DataManager.swift in Sources */ = {isa = PBXBuildFile; fileRef = 4A2F11621B5DD7520055AFF8 /* DataManager.swift */; };
		4A364A771CE900C0009398AF /* TableScanner.swift in Sources */ = {isa = PBXBuildFile; fileRef = 4A364A761CE900C0009398AF /* TableScanner.swift */; };
		4A364A791CE909BF009398AF /* ExperimentInterface.swift in Sources */ = {isa = PBXBuildFile; fileRef = 4A364A781CE909BF009398AF /* ExperimentInterface.swift */; };
		4A364A7B1CE911D1009398AF /* ExperimentRunner.swift in Sources */ = {isa = PBXBuildFile; fileRef = 4A364A7A1CE911D1009398AF /* ExperimentRunner.swift */; };
		4A364A7D1CE91342009398AF /* ExperimentRunning.swift in Sources */ = {isa = PBXBuildFile; fileRef = 4A364A7C1CE91342009398AF /* ExperimentRunning.swift */; };
		4A364B001CEA3A48009398AF /* RecordPersisting.swift in Sources */ = {isa = PBXBuildFile; fileRef = 4A364AFF1CEA3A48009398AF /* RecordPersisting.swift */; };
		4A364B011CEA3A48009398AF /* RecordPersisting.swift in Sources */ = {isa = PBXBuildFile; fileRef = 4A364AFF1CEA3A48009398AF /* RecordPersisting.swift */; };
		4A364B031CEA3C44009398AF /* CSVRecordPersister.swift in Sources */ = {isa = PBXBuildFile; fileRef = 4A364B021CEA3C44009398AF /* CSVRecordPersister.swift */; };
		4A364C061CEAC554009398AF /* AppDelegate.swift in Sources */ = {isa = PBXBuildFile; fileRef = 4A825EC51B2D019E00C8CEA3 /* AppDelegate.swift */; };
		4A3C34261C94ED4E00DCE87A /* PopulationEvaluating.swift in Sources */ = {isa = PBXBuildFile; fileRef = 4A3C34251C94ED4E00DCE87A /* PopulationEvaluating.swift */; };
		4A3C34271C94ED4E00DCE87A /* PopulationEvaluating.swift in Sources */ = {isa = PBXBuildFile; fileRef = 4A3C34251C94ED4E00DCE87A /* PopulationEvaluating.swift */; };
		4A3C34291C9603EE00DCE87A /* GeneticOperating.swift in Sources */ = {isa = PBXBuildFile; fileRef = 4A3C34281C9603EE00DCE87A /* GeneticOperating.swift */; };
		4A3C342A1C9603EE00DCE87A /* GeneticOperating.swift in Sources */ = {isa = PBXBuildFile; fileRef = 4A3C34281C9603EE00DCE87A /* GeneticOperating.swift */; };
		4A447FF51C63A9A100C5BDF0 /* IndexedDictionary.swift in Sources */ = {isa = PBXBuildFile; fileRef = 4A447FF41C63A9A000C5BDF0 /* IndexedDictionary.swift */; };
		4A447FF61C63A9A100C5BDF0 /* IndexedDictionary.swift in Sources */ = {isa = PBXBuildFile; fileRef = 4A447FF41C63A9A000C5BDF0 /* IndexedDictionary.swift */; };
		4A495A141CD6FE8900510582 /* ConfigurationView.swift in Sources */ = {isa = PBXBuildFile; fileRef = 4A495A131CD6FE8900510582 /* ConfigurationView.swift */; };
		4A495A851CD86EAF00510582 /* ConfigurationViewController.swift in Sources */ = {isa = PBXBuildFile; fileRef = 4A495A841CD86EAF00510582 /* ConfigurationViewController.swift */; };
		4A495A8C1CD979C400510582 /* ConfigurationEventHandling.swift in Sources */ = {isa = PBXBuildFile; fileRef = 4A495A8B1CD979C300510582 /* ConfigurationEventHandling.swift */; };
		4A50A8341B30F9F10004BC5D /* Chromosome.swift in Sources */ = {isa = PBXBuildFile; fileRef = 4A50A8331B30F9F10004BC5D /* Chromosome.swift */; };
		4A50A8351B30F9F10004BC5D /* Chromosome.swift in Sources */ = {isa = PBXBuildFile; fileRef = 4A50A8331B30F9F10004BC5D /* Chromosome.swift */; };
		4A620D0F1C8B75030084B0A2 /* TaskParser.swift in Sources */ = {isa = PBXBuildFile; fileRef = 4A620D0E1C8B75030084B0A2 /* TaskParser.swift */; };
		4A620D101C8B75030084B0A2 /* TaskParser.swift in Sources */ = {isa = PBXBuildFile; fileRef = 4A620D0E1C8B75030084B0A2 /* TaskParser.swift */; };
		4A620D121C8BB02A0084B0A2 /* ConcurrentDispatcher.swift in Sources */ = {isa = PBXBuildFile; fileRef = 4A620D111C8BB02A0084B0A2 /* ConcurrentDispatcher.swift */; };
		4A620D131C8BB02A0084B0A2 /* ConcurrentDispatcher.swift in Sources */ = {isa = PBXBuildFile; fileRef = 4A620D111C8BB02A0084B0A2 /* ConcurrentDispatcher.swift */; };
		4A620D151C8BB5610084B0A2 /* ReproductionAgent.swift in Sources */ = {isa = PBXBuildFile; fileRef = 4A620D141C8BB5610084B0A2 /* ReproductionAgent.swift */; };
		4A620D161C8BB5610084B0A2 /* ReproductionAgent.swift in Sources */ = {isa = PBXBuildFile; fileRef = 4A620D141C8BB5610084B0A2 /* ReproductionAgent.swift */; };
		4A620D181C8D40BB0084B0A2 /* Evolution.swift in Sources */ = {isa = PBXBuildFile; fileRef = 4A620D171C8D40BB0084B0A2 /* Evolution.swift */; };
		4A620D191C8D40BB0084B0A2 /* Evolution.swift in Sources */ = {isa = PBXBuildFile; fileRef = 4A620D171C8D40BB0084B0A2 /* Evolution.swift */; };
		4A6FA40F1CEBE7DC00FB62D6 /* TextRecordPersister.swift in Sources */ = {isa = PBXBuildFile; fileRef = 4A6FA40E1CEBE7DC00FB62D6 /* TextRecordPersister.swift */; };
		4A6FA4111CEBE94100FB62D6 /* ExperimentRecorder.swift in Sources */ = {isa = PBXBuildFile; fileRef = 4A6FA4101CEBE94100FB62D6 /* ExperimentRecorder.swift */; };
		4A6FA4131CEBEE0200FB62D6 /* ConfigFileWriter.swift in Sources */ = {isa = PBXBuildFile; fileRef = 4A6FA4121CEBEE0200FB62D6 /* ConfigFileWriter.swift */; };
		4A6FA4CB1CED59E600FB62D6 /* TrialRecordFileWriter.swift in Sources */ = {isa = PBXBuildFile; fileRef = 4A6FA4CA1CED59E600FB62D6 /* TrialRecordFileWriter.swift */; };
		4A7802FD1CF7F47D002DADA4 /* WeightEvolutionExperiment.swift in Sources */ = {isa = PBXBuildFile; fileRef = 4A7802FC1CF7F47D002DADA4 /* WeightEvolutionExperiment.swift */; };
		4A7802FF1CF7F4F4002DADA4 /* WeightEvolutionTrial.swift in Sources */ = {isa = PBXBuildFile; fileRef = 4A7802FE1CF7F4F4002DADA4 /* WeightEvolutionTrial.swift */; };
		4A7A1DCC1B9FF4AE001F5C18 /* ChalmersExperiment.swift in Sources */ = {isa = PBXBuildFile; fileRef = 4A7A1DCB1B9FF4AE001F5C18 /* ChalmersExperiment.swift */; };
		4A7A1DCD1B9FF4AE001F5C18 /* ChalmersExperiment.swift in Sources */ = {isa = PBXBuildFile; fileRef = 4A7A1DCB1B9FF4AE001F5C18 /* ChalmersExperiment.swift */; };
		4A7E06931B5C2FC40000E561 /* Experiment.swift in Sources */ = {isa = PBXBuildFile; fileRef = 4A7E06921B5C2FC40000E561 /* Experiment.swift */; };
		4A7E06941B5C2FC40000E561 /* Experiment.swift in Sources */ = {isa = PBXBuildFile; fileRef = 4A7E06921B5C2FC40000E561 /* Experiment.swift */; };
		4A7E06961B5C52AD0000E561 /* Environment.swift in Sources */ = {isa = PBXBuildFile; fileRef = 4A7E06951B5C52AD0000E561 /* Environment.swift */; };
		4A7E06971B5C52AD0000E561 /* Environment.swift in Sources */ = {isa = PBXBuildFile; fileRef = 4A7E06951B5C52AD0000E561 /* Environment.swift */; };
		4A7E06991B5C536A0000E561 /* Task.swift in Sources */ = {isa = PBXBuildFile; fileRef = 4A7E06981B5C536A0000E561 /* Task.swift */; };
		4A7E069A1B5C536A0000E561 /* Task.swift in Sources */ = {isa = PBXBuildFile; fileRef = 4A7E06981B5C536A0000E561 /* Task.swift */; };
		4A7E069C1B5C63190000E561 /* Pattern.swift in Sources */ = {isa = PBXBuildFile; fileRef = 4A7E069B1B5C63190000E561 /* Pattern.swift */; };
		4A7E069D1B5C63190000E561 /* Pattern.swift in Sources */ = {isa = PBXBuildFile; fileRef = 4A7E069B1B5C63190000E561 /* Pattern.swift */; };
		4A7FDE441C79592F00E79AB9 /* DataFetcher.swift in Sources */ = {isa = PBXBuildFile; fileRef = 4A7FDE431C79592F00E79AB9 /* DataFetcher.swift */; };
		4A7FDE451C79592F00E79AB9 /* DataFetcher.swift in Sources */ = {isa = PBXBuildFile; fileRef = 4A7FDE431C79592F00E79AB9 /* DataFetcher.swift */; };
		4A825ECB1B2D019E00C8CEA3 /* Document.xib in Resources */ = {isa = PBXBuildFile; fileRef = 4A825EC91B2D019E00C8CEA3 /* Document.xib */; };
		4A825ECE1B2D019E00C8CEA3 /* Document.xcdatamodeld in Sources */ = {isa = PBXBuildFile; fileRef = 4A825ECC1B2D019E00C8CEA3 /* Document.xcdatamodeld */; };
		4A825ED01B2D019E00C8CEA3 /* Assets.xcassets in Resources */ = {isa = PBXBuildFile; fileRef = 4A825ECF1B2D019E00C8CEA3 /* Assets.xcassets */; };
		4A825ED31B2D019E00C8CEA3 /* MainMenu.xib in Resources */ = {isa = PBXBuildFile; fileRef = 4A825ED11B2D019E00C8CEA3 /* MainMenu.xib */; };
		4A825EDE1B2D019E00C8CEA3 /* EvolutionOfLearningTests.swift in Sources */ = {isa = PBXBuildFile; fileRef = 4A825EDD1B2D019E00C8CEA3 /* EvolutionOfLearningTests.swift */; };
		4A825EE91B2D019E00C8CEA3 /* EvolutionOfLearningUITests.swift in Sources */ = {isa = PBXBuildFile; fileRef = 4A825EE81B2D019E00C8CEA3 /* EvolutionOfLearningUITests.swift */; };
		4A825EFB1B2D057B00C8CEA3 /* SingleLayerNeuralNetwork.swift in Sources */ = {isa = PBXBuildFile; fileRef = 4A825EFA1B2D057B00C8CEA3 /* SingleLayerNeuralNetwork.swift */; };
		4A825EFC1B2D057B00C8CEA3 /* SingleLayerNeuralNetwork.swift in Sources */ = {isa = PBXBuildFile; fileRef = 4A825EFA1B2D057B00C8CEA3 /* SingleLayerNeuralNetwork.swift */; };
		4A9A9FD81C6A471500073469 /* HelperTests.swift in Sources */ = {isa = PBXBuildFile; fileRef = 4A9A9FD71C6A471500073469 /* HelperTests.swift */; };
		4A9B76C51B55574800BE653D /* Array-Extensions.swift in Sources */ = {isa = PBXBuildFile; fileRef = 4A9B76C41B55574800BE653D /* Array-Extensions.swift */; };
		4A9B76C61B55574800BE653D /* Array-Extensions.swift in Sources */ = {isa = PBXBuildFile; fileRef = 4A9B76C41B55574800BE653D /* Array-Extensions.swift */; };
		4A9B76C81B55576800BE653D /* CustomOperators.swift in Sources */ = {isa = PBXBuildFile; fileRef = 4A9B76C71B55576800BE653D /* CustomOperators.swift */; };
		4A9B76C91B55576800BE653D /* CustomOperators.swift in Sources */ = {isa = PBXBuildFile; fileRef = 4A9B76C71B55576800BE653D /* CustomOperators.swift */; };
		4AA68FF21CF52F0C00012293 /* TrialStatisticsFileWriter.swift in Sources */ = {isa = PBXBuildFile; fileRef = 4AA68FF11CF52F0C00012293 /* TrialStatisticsFileWriter.swift */; };
		4AA68FF41CF5371100012293 /* ExperimentOverviewFileWriter.swift in Sources */ = {isa = PBXBuildFile; fileRef = 4AA68FF31CF5371100012293 /* ExperimentOverviewFileWriter.swift */; };
		4AD030F41C803797005266E8 /* GeneMap.swift in Sources */ = {isa = PBXBuildFile; fileRef = 4AD030F31C803797005266E8 /* GeneMap.swift */; };
		4AD030F51C803797005266E8 /* GeneMap.swift in Sources */ = {isa = PBXBuildFile; fileRef = 4AD030F31C803797005266E8 /* GeneMap.swift */; };
		4AD3F53F1B33097C000E9BA4 /* EvolutionOfLearningGeneticAlgorithmTests.swift in Sources */ = {isa = PBXBuildFile; fileRef = 4AD3F53E1B33097C000E9BA4 /* EvolutionOfLearningGeneticAlgorithmTests.swift */; };
		4AD935541CBAFE0A0055B043 /* LearningRuleEvolutionFitnessAgent.swift in Sources */ = {isa = PBXBuildFile; fileRef = 4AD935531CBAFE0A0055B043 /* LearningRuleEvolutionFitnessAgent.swift */; };
		4AD935551CBAFE0A0055B043 /* LearningRuleEvolutionFitnessAgent.swift in Sources */ = {isa = PBXBuildFile; fileRef = 4AD935531CBAFE0A0055B043 /* LearningRuleEvolutionFitnessAgent.swift */; };
		4AD935571CBAFE880055B043 /* NetworkEvolutionFitnessAgent.swift in Sources */ = {isa = PBXBuildFile; fileRef = 4AD935561CBAFE880055B043 /* NetworkEvolutionFitnessAgent.swift */; };
		4AD935581CBAFE880055B043 /* NetworkEvolutionFitnessAgent.swift in Sources */ = {isa = PBXBuildFile; fileRef = 4AD935561CBAFE880055B043 /* NetworkEvolutionFitnessAgent.swift */; };
		4AD9355A1CBAFF9F0055B043 /* LearningNetworkEvolutionFitnessAgent.swift in Sources */ = {isa = PBXBuildFile; fileRef = 4AD935591CBAFF9F0055B043 /* LearningNetworkEvolutionFitnessAgent.swift */; };
		4AD9355B1CBAFF9F0055B043 /* LearningNetworkEvolutionFitnessAgent.swift in Sources */ = {isa = PBXBuildFile; fileRef = 4AD935591CBAFF9F0055B043 /* LearningNetworkEvolutionFitnessAgent.swift */; };
		4AE03EF51B8A4F3A00A94234 /* Environment1.txt in Resources */ = {isa = PBXBuildFile; fileRef = 4AE03EF41B8A4F3A00A94234 /* Environment1.txt */; };
		4AE6209F1B39A1D60033980F /* GeneticAlgorithm.swift in Sources */ = {isa = PBXBuildFile; fileRef = 4AE6209E1B39A1D60033980F /* GeneticAlgorithm.swift */; };
		4AE620A01B39A1D60033980F /* GeneticAlgorithm.swift in Sources */ = {isa = PBXBuildFile; fileRef = 4AE6209E1B39A1D60033980F /* GeneticAlgorithm.swift */; };
		4AE99EA51C7A83770096D321 /* NeuralNetworkTests.swift in Sources */ = {isa = PBXBuildFile; fileRef = 4AE99EA41C7A83760096D321 /* NeuralNetworkTests.swift */; };
		4AF11C0D1B3F036C00AED909 /* Individual.swift in Sources */ = {isa = PBXBuildFile; fileRef = 4AF11C0C1B3F036C00AED909 /* Individual.swift */; };
		4AF11C0E1B3F036C00AED909 /* Individual.swift in Sources */ = {isa = PBXBuildFile; fileRef = 4AF11C0C1B3F036C00AED909 /* Individual.swift */; };
		4AF11C111B4092EB00AED909 /* Population.swift in Sources */ = {isa = PBXBuildFile; fileRef = 4AF11C101B4092EB00AED909 /* Population.swift */; };
		4AF11C121B4092EB00AED909 /* Population.swift in Sources */ = {isa = PBXBuildFile; fileRef = 4AF11C101B4092EB00AED909 /* Population.swift */; };
		4AF21B101C6B89F200E462D3 /* FitnessAgentTests.swift in Sources */ = {isa = PBXBuildFile; fileRef = 4AF21B0F1C6B89F200E462D3 /* FitnessAgentTests.swift */; };
		4AF383231CA25E6E006D13D4 /* PopulationOperating.swift in Sources */ = {isa = PBXBuildFile; fileRef = 4AF383221CA25E6E006D13D4 /* PopulationOperating.swift */; };
		4AF383241CA25E72006D13D4 /* PopulationOperating.swift in Sources */ = {isa = PBXBuildFile; fileRef = 4AF383221CA25E6E006D13D4 /* PopulationOperating.swift */; };
		4AF383261CA26237006D13D4 /* PopulationOperator.swift in Sources */ = {isa = PBXBuildFile; fileRef = 4AF383251CA26237006D13D4 /* PopulationOperator.swift */; };
		4AF383271CA26237006D13D4 /* PopulationOperator.swift in Sources */ = {isa = PBXBuildFile; fileRef = 4AF383251CA26237006D13D4 /* PopulationOperator.swift */; };
/* End PBXBuildFile section */

/* Begin PBXContainerItemProxy section */
		4A825EDA1B2D019E00C8CEA3 /* PBXContainerItemProxy */ = {
			isa = PBXContainerItemProxy;
			containerPortal = 4A825EBA1B2D019E00C8CEA3 /* Project object */;
			proxyType = 1;
			remoteGlobalIDString = 4A825EC11B2D019E00C8CEA3;
			remoteInfo = EvolutionOfLearning;
		};
		4A825EE51B2D019E00C8CEA3 /* PBXContainerItemProxy */ = {
			isa = PBXContainerItemProxy;
			containerPortal = 4A825EBA1B2D019E00C8CEA3 /* Project object */;
			proxyType = 1;
			remoteGlobalIDString = 4A825EC11B2D019E00C8CEA3;
			remoteInfo = EvolutionOfLearning;
		};
/* End PBXContainerItemProxy section */

/* Begin PBXFileReference section */
		4A02D6501C7E0A1B004D98DF /* DocumentWindowController.swift */ = {isa = PBXFileReference; fileEncoding = 4; lastKnownFileType = sourcecode.swift; path = DocumentWindowController.swift; sourceTree = "<group>"; };
		4A02D6531C7E0EFB004D98DF /* ControlEventHandler.swift */ = {isa = PBXFileReference; fileEncoding = 4; lastKnownFileType = sourcecode.swift; path = ControlEventHandler.swift; sourceTree = "<group>"; };
		4A02D6901C7E1358004D98DF /* ConfigurationWindowController.swift */ = {isa = PBXFileReference; fileEncoding = 4; lastKnownFileType = sourcecode.swift; path = ConfigurationWindowController.swift; sourceTree = "<group>"; };
		4A02D6911C7E1358004D98DF /* ConfigurationWindowController.xib */ = {isa = PBXFileReference; fileEncoding = 4; lastKnownFileType = file.xib; path = ConfigurationWindowController.xib; sourceTree = "<group>"; };
		4A05832B1C928C4000F3D0E0 /* GeneMapTests.swift */ = {isa = PBXFileReference; fileEncoding = 4; lastKnownFileType = sourcecode.swift; path = GeneMapTests.swift; sourceTree = "<group>"; };
		4A05832D1C9297F000F3D0E0 /* ChalmersTrial.swift */ = {isa = PBXFileReference; fileEncoding = 4; lastKnownFileType = sourcecode.swift; path = ChalmersTrial.swift; sourceTree = "<group>"; };
		4A0583301C92A19400F3D0E0 /* ExperimentConfig.swift */ = {isa = PBXFileReference; fileEncoding = 4; lastKnownFileType = sourcecode.swift; path = ExperimentConfig.swift; sourceTree = "<group>"; };
		4A1252481BA85EC60096A717 /* ManagedObjects.swift */ = {isa = PBXFileReference; fileEncoding = 4; lastKnownFileType = sourcecode.swift; path = ManagedObjects.swift; sourceTree = "<group>"; };
		4A13A0D41B64404D0047E858 /* SupervisedLearningRule.swift */ = {isa = PBXFileReference; fileEncoding = 4; lastKnownFileType = sourcecode.swift; path = SupervisedLearningRule.swift; sourceTree = "<group>"; };
		4A1BE8B91C8FF33900790B3A /* LearningTest.swift */ = {isa = PBXFileReference; fileEncoding = 4; lastKnownFileType = sourcecode.swift; path = LearningTest.swift; sourceTree = "<group>"; };
		4A1D739C1B54A8C300E788B9 /* ArrayWrapper.swift */ = {isa = PBXFileReference; fileEncoding = 4; lastKnownFileType = sourcecode.swift; path = ArrayWrapper.swift; sourceTree = "<group>"; };
		4A28EBFF1CDFD127001D844F /* ExperimentDriver.swift */ = {isa = PBXFileReference; fileEncoding = 4; lastKnownFileType = sourcecode.swift; path = ExperimentDriver.swift; sourceTree = "<group>"; };
		4A2EE79E1BEE8DA4007D17FD /* FitnessAgent.swift */ = {isa = PBXFileReference; fileEncoding = 4; lastKnownFileType = sourcecode.swift; path = FitnessAgent.swift; sourceTree = "<group>"; };
		4A2EE7A11BEFF466007D17FD /* GlobalFunctions.swift */ = {isa = PBXFileReference; fileEncoding = 4; lastKnownFileType = sourcecode.swift; path = GlobalFunctions.swift; sourceTree = "<group>"; };
		4A2EE7A41BEFF4B2007D17FD /* FeedForwardNeuralNetwork.swift */ = {isa = PBXFileReference; fileEncoding = 4; lastKnownFileType = sourcecode.swift; path = FeedForwardNeuralNetwork.swift; sourceTree = "<group>"; };
		4A2F11621B5DD7520055AFF8 /* DataManager.swift */ = {isa = PBXFileReference; fileEncoding = 4; lastKnownFileType = sourcecode.swift; path = DataManager.swift; sourceTree = "<group>"; };
		4A364A761CE900C0009398AF /* TableScanner.swift */ = {isa = PBXFileReference; fileEncoding = 4; lastKnownFileType = sourcecode.swift; path = TableScanner.swift; sourceTree = "<group>"; };
		4A364A781CE909BF009398AF /* ExperimentInterface.swift */ = {isa = PBXFileReference; fileEncoding = 4; lastKnownFileType = sourcecode.swift; path = ExperimentInterface.swift; sourceTree = "<group>"; };
		4A364A7A1CE911D1009398AF /* ExperimentRunner.swift */ = {isa = PBXFileReference; fileEncoding = 4; lastKnownFileType = sourcecode.swift; path = ExperimentRunner.swift; sourceTree = "<group>"; };
		4A364A7C1CE91342009398AF /* ExperimentRunning.swift */ = {isa = PBXFileReference; fileEncoding = 4; lastKnownFileType = sourcecode.swift; path = ExperimentRunning.swift; sourceTree = "<group>"; };
		4A364AFF1CEA3A48009398AF /* RecordPersisting.swift */ = {isa = PBXFileReference; fileEncoding = 4; lastKnownFileType = sourcecode.swift; path = RecordPersisting.swift; sourceTree = "<group>"; };
		4A364B021CEA3C44009398AF /* CSVRecordPersister.swift */ = {isa = PBXFileReference; fileEncoding = 4; lastKnownFileType = sourcecode.swift; path = CSVRecordPersister.swift; sourceTree = "<group>"; };
		4A3C34251C94ED4E00DCE87A /* PopulationEvaluating.swift */ = {isa = PBXFileReference; fileEncoding = 4; lastKnownFileType = sourcecode.swift; path = PopulationEvaluating.swift; sourceTree = "<group>"; };
		4A3C34281C9603EE00DCE87A /* GeneticOperating.swift */ = {isa = PBXFileReference; fileEncoding = 4; lastKnownFileType = sourcecode.swift; path = GeneticOperating.swift; sourceTree = "<group>"; };
		4A42A4731BA9B44500F797BD /* ManagedDataManager.swift */ = {isa = PBXFileReference; fileEncoding = 4; lastKnownFileType = sourcecode.swift; path = ManagedDataManager.swift; sourceTree = "<group>"; };
		4A447FF41C63A9A000C5BDF0 /* IndexedDictionary.swift */ = {isa = PBXFileReference; fileEncoding = 4; lastKnownFileType = sourcecode.swift; path = IndexedDictionary.swift; sourceTree = "<group>"; };
		4A495A131CD6FE8900510582 /* ConfigurationView.swift */ = {isa = PBXFileReference; fileEncoding = 4; lastKnownFileType = sourcecode.swift; path = ConfigurationView.swift; sourceTree = "<group>"; };
		4A495A841CD86EAF00510582 /* ConfigurationViewController.swift */ = {isa = PBXFileReference; fileEncoding = 4; lastKnownFileType = sourcecode.swift; path = ConfigurationViewController.swift; sourceTree = "<group>"; };
		4A495A8B1CD979C300510582 /* ConfigurationEventHandling.swift */ = {isa = PBXFileReference; fileEncoding = 4; lastKnownFileType = sourcecode.swift; path = ConfigurationEventHandling.swift; sourceTree = "<group>"; };
		4A50A8331B30F9F10004BC5D /* Chromosome.swift */ = {isa = PBXFileReference; fileEncoding = 4; lastKnownFileType = sourcecode.swift; path = Chromosome.swift; sourceTree = "<group>"; };
		4A620D0E1C8B75030084B0A2 /* TaskParser.swift */ = {isa = PBXFileReference; fileEncoding = 4; lastKnownFileType = sourcecode.swift; path = TaskParser.swift; sourceTree = "<group>"; };
		4A620D111C8BB02A0084B0A2 /* ConcurrentDispatcher.swift */ = {isa = PBXFileReference; fileEncoding = 4; lastKnownFileType = sourcecode.swift; path = ConcurrentDispatcher.swift; sourceTree = "<group>"; };
		4A620D141C8BB5610084B0A2 /* ReproductionAgent.swift */ = {isa = PBXFileReference; fileEncoding = 4; lastKnownFileType = sourcecode.swift; path = ReproductionAgent.swift; sourceTree = "<group>"; };
		4A620D171C8D40BB0084B0A2 /* Evolution.swift */ = {isa = PBXFileReference; fileEncoding = 4; lastKnownFileType = sourcecode.swift; path = Evolution.swift; sourceTree = "<group>"; };
		4A6FA40E1CEBE7DC00FB62D6 /* TextRecordPersister.swift */ = {isa = PBXFileReference; fileEncoding = 4; lastKnownFileType = sourcecode.swift; path = TextRecordPersister.swift; sourceTree = "<group>"; };
		4A6FA4101CEBE94100FB62D6 /* ExperimentRecorder.swift */ = {isa = PBXFileReference; fileEncoding = 4; lastKnownFileType = sourcecode.swift; path = ExperimentRecorder.swift; sourceTree = "<group>"; };
		4A6FA4121CEBEE0200FB62D6 /* ConfigFileWriter.swift */ = {isa = PBXFileReference; fileEncoding = 4; lastKnownFileType = sourcecode.swift; path = ConfigFileWriter.swift; sourceTree = "<group>"; };
		4A6FA4CA1CED59E600FB62D6 /* TrialRecordFileWriter.swift */ = {isa = PBXFileReference; fileEncoding = 4; lastKnownFileType = sourcecode.swift; path = TrialRecordFileWriter.swift; sourceTree = "<group>"; };
		4A7802FC1CF7F47D002DADA4 /* WeightEvolutionExperiment.swift */ = {isa = PBXFileReference; fileEncoding = 4; lastKnownFileType = sourcecode.swift; path = WeightEvolutionExperiment.swift; sourceTree = "<group>"; };
		4A7802FE1CF7F4F4002DADA4 /* WeightEvolutionTrial.swift */ = {isa = PBXFileReference; fileEncoding = 4; lastKnownFileType = sourcecode.swift; path = WeightEvolutionTrial.swift; sourceTree = "<group>"; };
		4A7A1DCB1B9FF4AE001F5C18 /* ChalmersExperiment.swift */ = {isa = PBXFileReference; fileEncoding = 4; lastKnownFileType = sourcecode.swift; path = ChalmersExperiment.swift; sourceTree = "<group>"; };
		4A7E06921B5C2FC40000E561 /* Experiment.swift */ = {isa = PBXFileReference; fileEncoding = 4; lastKnownFileType = sourcecode.swift; path = Experiment.swift; sourceTree = "<group>"; };
		4A7E06951B5C52AD0000E561 /* Environment.swift */ = {isa = PBXFileReference; fileEncoding = 4; lastKnownFileType = sourcecode.swift; path = Environment.swift; sourceTree = "<group>"; };
		4A7E06981B5C536A0000E561 /* Task.swift */ = {isa = PBXFileReference; fileEncoding = 4; lastKnownFileType = sourcecode.swift; path = Task.swift; sourceTree = "<group>"; };
		4A7E069B1B5C63190000E561 /* Pattern.swift */ = {isa = PBXFileReference; fileEncoding = 4; lastKnownFileType = sourcecode.swift; path = Pattern.swift; sourceTree = "<group>"; };
		4A7FDE431C79592F00E79AB9 /* DataFetcher.swift */ = {isa = PBXFileReference; fileEncoding = 4; lastKnownFileType = sourcecode.swift; path = DataFetcher.swift; sourceTree = "<group>"; };
		4A825EC21B2D019E00C8CEA3 /* EvolutionOfLearning.app */ = {isa = PBXFileReference; explicitFileType = wrapper.application; includeInIndex = 0; path = EvolutionOfLearning.app; sourceTree = BUILT_PRODUCTS_DIR; };
		4A825EC51B2D019E00C8CEA3 /* AppDelegate.swift */ = {isa = PBXFileReference; lastKnownFileType = sourcecode.swift; path = AppDelegate.swift; sourceTree = "<group>"; };
		4A825EC71B2D019E00C8CEA3 /* Document.swift */ = {isa = PBXFileReference; lastKnownFileType = sourcecode.swift; path = Document.swift; sourceTree = "<group>"; };
		4A825ECA1B2D019E00C8CEA3 /* Base */ = {isa = PBXFileReference; lastKnownFileType = file.xib; name = Base; path = Base.lproj/Document.xib; sourceTree = "<group>"; };
		4A825ECD1B2D019E00C8CEA3 /* Document.xcdatamodel */ = {isa = PBXFileReference; lastKnownFileType = wrapper.xcdatamodel; path = Document.xcdatamodel; sourceTree = "<group>"; };
		4A825ECF1B2D019E00C8CEA3 /* Assets.xcassets */ = {isa = PBXFileReference; lastKnownFileType = folder.assetcatalog; path = Assets.xcassets; sourceTree = "<group>"; };
		4A825ED21B2D019E00C8CEA3 /* Base */ = {isa = PBXFileReference; lastKnownFileType = file.xib; name = Base; path = Base.lproj/MainMenu.xib; sourceTree = "<group>"; };
		4A825ED41B2D019E00C8CEA3 /* Info.plist */ = {isa = PBXFileReference; lastKnownFileType = text.plist.xml; path = Info.plist; sourceTree = "<group>"; };
		4A825ED91B2D019E00C8CEA3 /* EvolutionOfLearningTests.xctest */ = {isa = PBXFileReference; explicitFileType = wrapper.cfbundle; includeInIndex = 0; path = EvolutionOfLearningTests.xctest; sourceTree = BUILT_PRODUCTS_DIR; };
		4A825EDD1B2D019E00C8CEA3 /* EvolutionOfLearningTests.swift */ = {isa = PBXFileReference; lastKnownFileType = sourcecode.swift; path = EvolutionOfLearningTests.swift; sourceTree = "<group>"; };
		4A825EDF1B2D019E00C8CEA3 /* Info.plist */ = {isa = PBXFileReference; lastKnownFileType = text.plist.xml; path = Info.plist; sourceTree = "<group>"; };
		4A825EE41B2D019E00C8CEA3 /* EvolutionOfLearningUITests.xctest */ = {isa = PBXFileReference; explicitFileType = wrapper.cfbundle; includeInIndex = 0; path = EvolutionOfLearningUITests.xctest; sourceTree = BUILT_PRODUCTS_DIR; };
		4A825EE81B2D019E00C8CEA3 /* EvolutionOfLearningUITests.swift */ = {isa = PBXFileReference; lastKnownFileType = sourcecode.swift; path = EvolutionOfLearningUITests.swift; sourceTree = "<group>"; };
		4A825EEA1B2D019E00C8CEA3 /* Info.plist */ = {isa = PBXFileReference; lastKnownFileType = text.plist.xml; path = Info.plist; sourceTree = "<group>"; };
		4A825EFA1B2D057B00C8CEA3 /* SingleLayerNeuralNetwork.swift */ = {isa = PBXFileReference; fileEncoding = 4; lastKnownFileType = sourcecode.swift; path = SingleLayerNeuralNetwork.swift; sourceTree = "<group>"; };
		4A8B579E1BDC2583002BABCF /* DocumentEventHandler.swift */ = {isa = PBXFileReference; fileEncoding = 4; lastKnownFileType = sourcecode.swift; path = DocumentEventHandler.swift; sourceTree = "<group>"; };
		4A8B57A01BDC274F002BABCF /* ExperimentCoordinator.swift */ = {isa = PBXFileReference; fileEncoding = 4; lastKnownFileType = sourcecode.swift; path = ExperimentCoordinator.swift; sourceTree = "<group>"; };
		4A9A9FD71C6A471500073469 /* HelperTests.swift */ = {isa = PBXFileReference; fileEncoding = 4; lastKnownFileType = sourcecode.swift; path = HelperTests.swift; sourceTree = "<group>"; };
		4A9B76C41B55574800BE653D /* Array-Extensions.swift */ = {isa = PBXFileReference; fileEncoding = 4; lastKnownFileType = sourcecode.swift; path = "Array-Extensions.swift"; sourceTree = "<group>"; };
		4A9B76C71B55576800BE653D /* CustomOperators.swift */ = {isa = PBXFileReference; fileEncoding = 4; lastKnownFileType = sourcecode.swift; path = CustomOperators.swift; sourceTree = "<group>"; };
		4AA68FF11CF52F0C00012293 /* TrialStatisticsFileWriter.swift */ = {isa = PBXFileReference; fileEncoding = 4; lastKnownFileType = sourcecode.swift; path = TrialStatisticsFileWriter.swift; sourceTree = "<group>"; };
		4AA68FF31CF5371100012293 /* ExperimentOverviewFileWriter.swift */ = {isa = PBXFileReference; fileEncoding = 4; lastKnownFileType = sourcecode.swift; path = ExperimentOverviewFileWriter.swift; sourceTree = "<group>"; };
		4AD030F31C803797005266E8 /* GeneMap.swift */ = {isa = PBXFileReference; fileEncoding = 4; lastKnownFileType = sourcecode.swift; path = GeneMap.swift; sourceTree = "<group>"; };
		4AD3F53E1B33097C000E9BA4 /* EvolutionOfLearningGeneticAlgorithmTests.swift */ = {isa = PBXFileReference; fileEncoding = 4; lastKnownFileType = sourcecode.swift; path = EvolutionOfLearningGeneticAlgorithmTests.swift; sourceTree = "<group>"; };
		4AD935531CBAFE0A0055B043 /* LearningRuleEvolutionFitnessAgent.swift */ = {isa = PBXFileReference; fileEncoding = 4; lastKnownFileType = sourcecode.swift; path = LearningRuleEvolutionFitnessAgent.swift; sourceTree = "<group>"; };
		4AD935561CBAFE880055B043 /* NetworkEvolutionFitnessAgent.swift */ = {isa = PBXFileReference; fileEncoding = 4; lastKnownFileType = sourcecode.swift; path = NetworkEvolutionFitnessAgent.swift; sourceTree = "<group>"; };
		4AD935591CBAFF9F0055B043 /* LearningNetworkEvolutionFitnessAgent.swift */ = {isa = PBXFileReference; fileEncoding = 4; lastKnownFileType = sourcecode.swift; path = LearningNetworkEvolutionFitnessAgent.swift; sourceTree = "<group>"; };
		4AE03EF41B8A4F3A00A94234 /* Environment1.txt */ = {isa = PBXFileReference; fileEncoding = 4; lastKnownFileType = text; path = Environment1.txt; sourceTree = "<group>"; };
		4AE6209E1B39A1D60033980F /* GeneticAlgorithm.swift */ = {isa = PBXFileReference; fileEncoding = 4; lastKnownFileType = sourcecode.swift; path = GeneticAlgorithm.swift; sourceTree = "<group>"; };
		4AE99EA41C7A83760096D321 /* NeuralNetworkTests.swift */ = {isa = PBXFileReference; fileEncoding = 4; lastKnownFileType = sourcecode.swift; path = NeuralNetworkTests.swift; sourceTree = "<group>"; };
		4AF11C0C1B3F036C00AED909 /* Individual.swift */ = {isa = PBXFileReference; fileEncoding = 4; lastKnownFileType = sourcecode.swift; path = Individual.swift; sourceTree = "<group>"; };
		4AF11C101B4092EB00AED909 /* Population.swift */ = {isa = PBXFileReference; fileEncoding = 4; lastKnownFileType = sourcecode.swift; path = Population.swift; sourceTree = "<group>"; };
		4AF21B0F1C6B89F200E462D3 /* FitnessAgentTests.swift */ = {isa = PBXFileReference; fileEncoding = 4; lastKnownFileType = sourcecode.swift; path = FitnessAgentTests.swift; sourceTree = "<group>"; };
		4AF383221CA25E6E006D13D4 /* PopulationOperating.swift */ = {isa = PBXFileReference; fileEncoding = 4; lastKnownFileType = sourcecode.swift; path = PopulationOperating.swift; sourceTree = "<group>"; };
		4AF383251CA26237006D13D4 /* PopulationOperator.swift */ = {isa = PBXFileReference; fileEncoding = 4; lastKnownFileType = sourcecode.swift; path = PopulationOperator.swift; sourceTree = "<group>"; };
/* End PBXFileReference section */

/* Begin PBXFrameworksBuildPhase section */
		4A825EBF1B2D019E00C8CEA3 /* Frameworks */ = {
			isa = PBXFrameworksBuildPhase;
			buildActionMask = 2147483647;
			files = (
			);
			runOnlyForDeploymentPostprocessing = 0;
		};
		4A825ED61B2D019E00C8CEA3 /* Frameworks */ = {
			isa = PBXFrameworksBuildPhase;
			buildActionMask = 2147483647;
			files = (
			);
			runOnlyForDeploymentPostprocessing = 0;
		};
		4A825EE11B2D019E00C8CEA3 /* Frameworks */ = {
			isa = PBXFrameworksBuildPhase;
			buildActionMask = 2147483647;
			files = (
			);
			runOnlyForDeploymentPostprocessing = 0;
		};
/* End PBXFrameworksBuildPhase section */

/* Begin PBXGroup section */
		4A02D68F1C7E1320004D98DF /* Configuration */ = {
			isa = PBXGroup;
			children = (
				4A02D6901C7E1358004D98DF /* ConfigurationWindowController.swift */,
				4A02D6911C7E1358004D98DF /* ConfigurationWindowController.xib */,
				4A495A131CD6FE8900510582 /* ConfigurationView.swift */,
				4A495A841CD86EAF00510582 /* ConfigurationViewController.swift */,
				4A495A8B1CD979C300510582 /* ConfigurationEventHandling.swift */,
			);
			path = Configuration;
			sourceTree = "<group>";
		};
		4A1252471BA85E5B0096A717 /* Data Model */ = {
			isa = PBXGroup;
			children = (
				4A1252481BA85EC60096A717 /* ManagedObjects.swift */,
				4A42A4731BA9B44500F797BD /* ManagedDataManager.swift */,
				4A7FDE431C79592F00E79AB9 /* DataFetcher.swift */,
			);
			name = "Data Model";
			sourceTree = "<group>";
		};
		4A1D739B1B54A8AC00E788B9 /* Helpers */ = {
			isa = PBXGroup;
			children = (
				4A1D739C1B54A8C300E788B9 /* ArrayWrapper.swift */,
				4A9B76C41B55574800BE653D /* Array-Extensions.swift */,
				4A9B76C71B55576800BE653D /* CustomOperators.swift */,
				4A2EE7A11BEFF466007D17FD /* GlobalFunctions.swift */,
				4A447FF41C63A9A000C5BDF0 /* IndexedDictionary.swift */,
				4A620D111C8BB02A0084B0A2 /* ConcurrentDispatcher.swift */,
				4A364A761CE900C0009398AF /* TableScanner.swift */,
			);
			name = Helpers;
			sourceTree = "<group>";
		};
		4A248D831B5B45F800C78F2B /* Experiments */ = {
			isa = PBXGroup;
			children = (
				4A7E06921B5C2FC40000E561 /* Experiment.swift */,
				4A7A1DCB1B9FF4AE001F5C18 /* ChalmersExperiment.swift */,
				4A7802FC1CF7F47D002DADA4 /* WeightEvolutionExperiment.swift */,
				4A0583301C92A19400F3D0E0 /* ExperimentConfig.swift */,
				4A620D171C8D40BB0084B0A2 /* Evolution.swift */,
				4A7E06951B5C52AD0000E561 /* Environment.swift */,
				4A05832D1C9297F000F3D0E0 /* ChalmersTrial.swift */,
				4A7802FE1CF7F4F4002DADA4 /* WeightEvolutionTrial.swift */,
				4A2EE79E1BEE8DA4007D17FD /* FitnessAgent.swift */,
				4AD935531CBAFE0A0055B043 /* LearningRuleEvolutionFitnessAgent.swift */,
				4AD935561CBAFE880055B043 /* NetworkEvolutionFitnessAgent.swift */,
				4AD935591CBAFF9F0055B043 /* LearningNetworkEvolutionFitnessAgent.swift */,
				4A620D141C8BB5610084B0A2 /* ReproductionAgent.swift */,
				4A1BE8B91C8FF33900790B3A /* LearningTest.swift */,
				4A7E06981B5C536A0000E561 /* Task.swift */,
				4A620D0E1C8B75030084B0A2 /* TaskParser.swift */,
				4AD030F31C803797005266E8 /* GeneMap.swift */,
				4A7E069B1B5C63190000E561 /* Pattern.swift */,
				4A2F11621B5DD7520055AFF8 /* DataManager.swift */,
				4A28EBFF1CDFD127001D844F /* ExperimentDriver.swift */,
				4A364A781CE909BF009398AF /* ExperimentInterface.swift */,
				4A364A7A1CE911D1009398AF /* ExperimentRunner.swift */,
				4A364A7C1CE91342009398AF /* ExperimentRunning.swift */,
				4A364AFF1CEA3A48009398AF /* RecordPersisting.swift */,
				4A364B021CEA3C44009398AF /* CSVRecordPersister.swift */,
				4A6FA40E1CEBE7DC00FB62D6 /* TextRecordPersister.swift */,
				4A6FA4CA1CED59E600FB62D6 /* TrialRecordFileWriter.swift */,
				4AA68FF11CF52F0C00012293 /* TrialStatisticsFileWriter.swift */,
				4AA68FF31CF5371100012293 /* ExperimentOverviewFileWriter.swift */,
				4A6FA4101CEBE94100FB62D6 /* ExperimentRecorder.swift */,
				4A6FA4121CEBEE0200FB62D6 /* ConfigFileWriter.swift */,
			);
			name = Experiments;
			sourceTree = "<group>";
		};
		4A50A8321B30F9D60004BC5D /* Genetic algorithms */ = {
			isa = PBXGroup;
			children = (
				4AE6209E1B39A1D60033980F /* GeneticAlgorithm.swift */,
				4A3C34251C94ED4E00DCE87A /* PopulationEvaluating.swift */,
				4A3C34281C9603EE00DCE87A /* GeneticOperating.swift */,
				4AF11C101B4092EB00AED909 /* Population.swift */,
				4AF383221CA25E6E006D13D4 /* PopulationOperating.swift */,
				4AF383251CA26237006D13D4 /* PopulationOperator.swift */,
				4AF11C0C1B3F036C00AED909 /* Individual.swift */,
				4A50A8331B30F9F10004BC5D /* Chromosome.swift */,
			);
			name = "Genetic algorithms";
			sourceTree = "<group>";
		};
		4A825EB91B2D019E00C8CEA3 = {
			isa = PBXGroup;
			children = (
				4A825EC41B2D019E00C8CEA3 /* EvolutionOfLearning */,
				4A825EDC1B2D019E00C8CEA3 /* EvolutionOfLearningTests */,
				4A825EE71B2D019E00C8CEA3 /* EvolutionOfLearningUITests */,
				4AE03EF31B8A4EDA00A94234 /* Resources */,
				4A825EC31B2D019E00C8CEA3 /* Products */,
			);
			sourceTree = "<group>";
		};
		4A825EC31B2D019E00C8CEA3 /* Products */ = {
			isa = PBXGroup;
			children = (
				4A825EC21B2D019E00C8CEA3 /* EvolutionOfLearning.app */,
				4A825ED91B2D019E00C8CEA3 /* EvolutionOfLearningTests.xctest */,
				4A825EE41B2D019E00C8CEA3 /* EvolutionOfLearningUITests.xctest */,
			);
			name = Products;
			sourceTree = "<group>";
		};
		4A825EC41B2D019E00C8CEA3 /* EvolutionOfLearning */ = {
			isa = PBXGroup;
			children = (
				4A825EC51B2D019E00C8CEA3 /* AppDelegate.swift */,
				4A8B57A01BDC274F002BABCF /* ExperimentCoordinator.swift */,
				4A8B579D1BDC2531002BABCF /* Document */,
				4A02D68F1C7E1320004D98DF /* Configuration */,
				4A1252471BA85E5B0096A717 /* Data Model */,
				4A248D831B5B45F800C78F2B /* Experiments */,
				4A50A8321B30F9D60004BC5D /* Genetic algorithms */,
				4A825EF91B2D053600C8CEA3 /* Neural Networks */,
				4A1D739B1B54A8AC00E788B9 /* Helpers */,
				4A825ECF1B2D019E00C8CEA3 /* Assets.xcassets */,
				4A825ED11B2D019E00C8CEA3 /* MainMenu.xib */,
				4A825ED41B2D019E00C8CEA3 /* Info.plist */,
				4A825ECC1B2D019E00C8CEA3 /* Document.xcdatamodeld */,
			);
			path = EvolutionOfLearning;
			sourceTree = "<group>";
		};
		4A825EDC1B2D019E00C8CEA3 /* EvolutionOfLearningTests */ = {
			isa = PBXGroup;
			children = (
				4A825EDD1B2D019E00C8CEA3 /* EvolutionOfLearningTests.swift */,
				4AE99EA41C7A83760096D321 /* NeuralNetworkTests.swift */,
				4AD3F53E1B33097C000E9BA4 /* EvolutionOfLearningGeneticAlgorithmTests.swift */,
				4AF21B0F1C6B89F200E462D3 /* FitnessAgentTests.swift */,
				4A05832B1C928C4000F3D0E0 /* GeneMapTests.swift */,
				4A9A9FD71C6A471500073469 /* HelperTests.swift */,
				4A825EDF1B2D019E00C8CEA3 /* Info.plist */,
			);
			path = EvolutionOfLearningTests;
			sourceTree = "<group>";
		};
		4A825EE71B2D019E00C8CEA3 /* EvolutionOfLearningUITests */ = {
			isa = PBXGroup;
			children = (
				4A825EE81B2D019E00C8CEA3 /* EvolutionOfLearningUITests.swift */,
				4A825EEA1B2D019E00C8CEA3 /* Info.plist */,
			);
			path = EvolutionOfLearningUITests;
			sourceTree = "<group>";
		};
		4A825EF91B2D053600C8CEA3 /* Neural Networks */ = {
			isa = PBXGroup;
			children = (
				4A2EE7A41BEFF4B2007D17FD /* FeedForwardNeuralNetwork.swift */,
				4A825EFA1B2D057B00C8CEA3 /* SingleLayerNeuralNetwork.swift */,
				4A13A0D41B64404D0047E858 /* SupervisedLearningRule.swift */,
			);
			name = "Neural Networks";
			sourceTree = "<group>";
		};
		4A8B579D1BDC2531002BABCF /* Document */ = {
			isa = PBXGroup;
			children = (
				4A825EC71B2D019E00C8CEA3 /* Document.swift */,
				4A02D6501C7E0A1B004D98DF /* DocumentWindowController.swift */,
				4A825EC91B2D019E00C8CEA3 /* Document.xib */,
				4A8B579E1BDC2583002BABCF /* DocumentEventHandler.swift */,
				4A02D6531C7E0EFB004D98DF /* ControlEventHandler.swift */,
			);
			name = Document;
			sourceTree = "<group>";
		};
		4AE03EF31B8A4EDA00A94234 /* Resources */ = {
			isa = PBXGroup;
			children = (
				4AE03EF41B8A4F3A00A94234 /* Environment1.txt */,
			);
			name = Resources;
			path = EvolutionOfLearning;
			sourceTree = "<group>";
		};
/* End PBXGroup section */

/* Begin PBXNativeTarget section */
		4A825EC11B2D019E00C8CEA3 /* EvolutionOfLearning */ = {
			isa = PBXNativeTarget;
			buildConfigurationList = 4A825EED1B2D019E00C8CEA3 /* Build configuration list for PBXNativeTarget "EvolutionOfLearning" */;
			buildPhases = (
				4A825EBE1B2D019E00C8CEA3 /* Sources */,
				4A825EBF1B2D019E00C8CEA3 /* Frameworks */,
				4A825EC01B2D019E00C8CEA3 /* Resources */,
			);
			buildRules = (
			);
			dependencies = (
			);
			name = EvolutionOfLearning;
			productName = EvolutionOfLearning;
			productReference = 4A825EC21B2D019E00C8CEA3 /* EvolutionOfLearning.app */;
			productType = "com.apple.product-type.application";
		};
		4A825ED81B2D019E00C8CEA3 /* EvolutionOfLearningTests */ = {
			isa = PBXNativeTarget;
			buildConfigurationList = 4A825EF01B2D019E00C8CEA3 /* Build configuration list for PBXNativeTarget "EvolutionOfLearningTests" */;
			buildPhases = (
				4A825ED51B2D019E00C8CEA3 /* Sources */,
				4A825ED61B2D019E00C8CEA3 /* Frameworks */,
				4A825ED71B2D019E00C8CEA3 /* Resources */,
			);
			buildRules = (
			);
			dependencies = (
				4A825EDB1B2D019E00C8CEA3 /* PBXTargetDependency */,
			);
			name = EvolutionOfLearningTests;
			productName = EvolutionOfLearningTests;
			productReference = 4A825ED91B2D019E00C8CEA3 /* EvolutionOfLearningTests.xctest */;
			productType = "com.apple.product-type.bundle.unit-test";
		};
		4A825EE31B2D019E00C8CEA3 /* EvolutionOfLearningUITests */ = {
			isa = PBXNativeTarget;
			buildConfigurationList = 4A825EF31B2D019E00C8CEA3 /* Build configuration list for PBXNativeTarget "EvolutionOfLearningUITests" */;
			buildPhases = (
				4A825EE01B2D019E00C8CEA3 /* Sources */,
				4A825EE11B2D019E00C8CEA3 /* Frameworks */,
				4A825EE21B2D019E00C8CEA3 /* Resources */,
			);
			buildRules = (
			);
			dependencies = (
				4A825EE61B2D019E00C8CEA3 /* PBXTargetDependency */,
			);
			name = EvolutionOfLearningUITests;
			productName = EvolutionOfLearningUITests;
			productReference = 4A825EE41B2D019E00C8CEA3 /* EvolutionOfLearningUITests.xctest */;
			productType = "com.apple.product-type.bundle.ui-testing";
		};
/* End PBXNativeTarget section */

/* Begin PBXProject section */
		4A825EBA1B2D019E00C8CEA3 /* Project object */ = {
			isa = PBXProject;
			attributes = {
				LastSwiftUpdateCheck = 0700;
				LastUpgradeCheck = 0700;
				ORGANIZATIONNAME = "Bryan Hoke";
				TargetAttributes = {
					4A825EC11B2D019E00C8CEA3 = {
						CreatedOnToolsVersion = 7.0;
					};
					4A825ED81B2D019E00C8CEA3 = {
						CreatedOnToolsVersion = 7.0;
						TestTargetID = 4A825EC11B2D019E00C8CEA3;
					};
					4A825EE31B2D019E00C8CEA3 = {
						CreatedOnToolsVersion = 7.0;
						TestTargetID = 4A825EC11B2D019E00C8CEA3;
					};
				};
			};
			buildConfigurationList = 4A825EBD1B2D019E00C8CEA3 /* Build configuration list for PBXProject "EvolutionOfLearning" */;
			compatibilityVersion = "Xcode 3.2";
			developmentRegion = English;
			hasScannedForEncodings = 0;
			knownRegions = (
				en,
				Base,
			);
			mainGroup = 4A825EB91B2D019E00C8CEA3;
			productRefGroup = 4A825EC31B2D019E00C8CEA3 /* Products */;
			projectDirPath = "";
			projectRoot = "";
			targets = (
				4A825EC11B2D019E00C8CEA3 /* EvolutionOfLearning */,
				4A825ED81B2D019E00C8CEA3 /* EvolutionOfLearningTests */,
				4A825EE31B2D019E00C8CEA3 /* EvolutionOfLearningUITests */,
			);
		};
/* End PBXProject section */

/* Begin PBXResourcesBuildPhase section */
		4A825EC01B2D019E00C8CEA3 /* Resources */ = {
			isa = PBXResourcesBuildPhase;
			buildActionMask = 2147483647;
			files = (
				4AE03EF51B8A4F3A00A94234 /* Environment1.txt in Resources */,
				4A825ED01B2D019E00C8CEA3 /* Assets.xcassets in Resources */,
				4A02D6941C7E1358004D98DF /* ConfigurationWindowController.xib in Resources */,
				4A825ECB1B2D019E00C8CEA3 /* Document.xib in Resources */,
				4A825ED31B2D019E00C8CEA3 /* MainMenu.xib in Resources */,
			);
			runOnlyForDeploymentPostprocessing = 0;
		};
		4A825ED71B2D019E00C8CEA3 /* Resources */ = {
			isa = PBXResourcesBuildPhase;
			buildActionMask = 2147483647;
			files = (
			);
			runOnlyForDeploymentPostprocessing = 0;
		};
		4A825EE21B2D019E00C8CEA3 /* Resources */ = {
			isa = PBXResourcesBuildPhase;
			buildActionMask = 2147483647;
			files = (
				4A02D6951C7E1358004D98DF /* ConfigurationWindowController.xib in Resources */,
			);
			runOnlyForDeploymentPostprocessing = 0;
		};
/* End PBXResourcesBuildPhase section */

/* Begin PBXSourcesBuildPhase section */
		4A825EBE1B2D019E00C8CEA3 /* Sources */ = {
			isa = PBXSourcesBuildPhase;
			buildActionMask = 2147483647;
			files = (
				4A9B76C51B55574800BE653D /* Array-Extensions.swift in Sources */,
				4A3C34291C9603EE00DCE87A /* GeneticOperating.swift in Sources */,
				4AA68FF41CF5371100012293 /* ExperimentOverviewFileWriter.swift in Sources */,
				4A6FA4CB1CED59E600FB62D6 /* TrialRecordFileWriter.swift in Sources */,
				4A620D151C8BB5610084B0A2 /* ReproductionAgent.swift in Sources */,
				4A364A7D1CE91342009398AF /* ExperimentRunning.swift in Sources */,
				4A3C34261C94ED4E00DCE87A /* PopulationEvaluating.swift in Sources */,
				4A05832E1C9297F000F3D0E0 /* ChalmersTrial.swift in Sources */,
				4A620D121C8BB02A0084B0A2 /* ConcurrentDispatcher.swift in Sources */,
				4A620D181C8D40BB0084B0A2 /* Evolution.swift in Sources */,
				4A6FA40F1CEBE7DC00FB62D6 /* TextRecordPersister.swift in Sources */,
				4A13A0D51B64404D0047E858 /* SupervisedLearningRule.swift in Sources */,
				4AD9355A1CBAFF9F0055B043 /* LearningNetworkEvolutionFitnessAgent.swift in Sources */,
				4A2EE7A21BEFF467007D17FD /* GlobalFunctions.swift in Sources */,
				4AD935541CBAFE0A0055B043 /* LearningRuleEvolutionFitnessAgent.swift in Sources */,
				4AF383231CA25E6E006D13D4 /* PopulationOperating.swift in Sources */,
				4AF11C111B4092EB00AED909 /* Population.swift in Sources */,
				4A7802FD1CF7F47D002DADA4 /* WeightEvolutionExperiment.swift in Sources */,
				4A9B76C81B55576800BE653D /* CustomOperators.swift in Sources */,
				4A7E06961B5C52AD0000E561 /* Environment.swift in Sources */,
				4A825ECE1B2D019E00C8CEA3 /* Document.xcdatamodeld in Sources */,
				4A50A8341B30F9F10004BC5D /* Chromosome.swift in Sources */,
				4AA68FF21CF52F0C00012293 /* TrialStatisticsFileWriter.swift in Sources */,
				4A7E069C1B5C63190000E561 /* Pattern.swift in Sources */,
				4A7E06991B5C536A0000E561 /* Task.swift in Sources */,
				4A364A7B1CE911D1009398AF /* ExperimentRunner.swift in Sources */,
				4A495A8C1CD979C400510582 /* ConfigurationEventHandling.swift in Sources */,
				4A620D0F1C8B75030084B0A2 /* TaskParser.swift in Sources */,
				4A02D6921C7E1358004D98DF /* ConfigurationWindowController.swift in Sources */,
				4A364B031CEA3C44009398AF /* CSVRecordPersister.swift in Sources */,
				4A2F11631B5DD7520055AFF8 /* DataManager.swift in Sources */,
				4AF11C0D1B3F036C00AED909 /* Individual.swift in Sources */,
				4AD030F41C803797005266E8 /* GeneMap.swift in Sources */,
				4A7FDE441C79592F00E79AB9 /* DataFetcher.swift in Sources */,
				4A364A791CE909BF009398AF /* ExperimentInterface.swift in Sources */,
				4A447FF51C63A9A100C5BDF0 /* IndexedDictionary.swift in Sources */,
				4A495A141CD6FE8900510582 /* ConfigurationView.swift in Sources */,
				4A6FA4131CEBEE0200FB62D6 /* ConfigFileWriter.swift in Sources */,
				4A7802FF1CF7F4F4002DADA4 /* WeightEvolutionTrial.swift in Sources */,
				4A364A771CE900C0009398AF /* TableScanner.swift in Sources */,
				4A364B001CEA3A48009398AF /* RecordPersisting.swift in Sources */,
				4A2EE7A51BEFF4B2007D17FD /* FeedForwardNeuralNetwork.swift in Sources */,
				4A7E06931B5C2FC40000E561 /* Experiment.swift in Sources */,
				4AE6209F1B39A1D60033980F /* GeneticAlgorithm.swift in Sources */,
				4A6FA4111CEBE94100FB62D6 /* ExperimentRecorder.swift in Sources */,
				4A7A1DCC1B9FF4AE001F5C18 /* ChalmersExperiment.swift in Sources */,
				4A364C061CEAC554009398AF /* AppDelegate.swift in Sources */,
				4A0583311C92A19400F3D0E0 /* ExperimentConfig.swift in Sources */,
				4AD935571CBAFE880055B043 /* NetworkEvolutionFitnessAgent.swift in Sources */,
				4AF383261CA26237006D13D4 /* PopulationOperator.swift in Sources */,
				4A28EC001CDFD127001D844F /* ExperimentDriver.swift in Sources */,
				4A1BE8BA1C8FF33900790B3A /* LearningTest.swift in Sources */,
				4A2EE79F1BEE8DA4007D17FD /* FitnessAgent.swift in Sources */,
				4A02D6511C7E0A1B004D98DF /* DocumentWindowController.swift in Sources */,
				4A825EFB1B2D057B00C8CEA3 /* SingleLayerNeuralNetwork.swift in Sources */,
				4A02D6541C7E0EFB004D98DF /* ControlEventHandler.swift in Sources */,
				4A1D739D1B54A8C300E788B9 /* ArrayWrapper.swift in Sources */,
				4A495A851CD86EAF00510582 /* ConfigurationViewController.swift in Sources */,
			);
			runOnlyForDeploymentPostprocessing = 0;
		};
		4A825ED51B2D019E00C8CEA3 /* Sources */ = {
			isa = PBXSourcesBuildPhase;
			buildActionMask = 2147483647;
			files = (
				4A2EE7A31BEFF467007D17FD /* GlobalFunctions.swift in Sources */,
				4A3C342A1C9603EE00DCE87A /* GeneticOperating.swift in Sources */,
				4A9B76C91B55576800BE653D /* CustomOperators.swift in Sources */,
				4A3C34271C94ED4E00DCE87A /* PopulationEvaluating.swift in Sources */,
				4A05832F1C9297F000F3D0E0 /* ChalmersTrial.swift in Sources */,
				4AF21B101C6B89F200E462D3 /* FitnessAgentTests.swift in Sources */,
				4A2F11641B5DD7530055AFF8 /* DataManager.swift in Sources */,
				4A7E06971B5C52AD0000E561 /* Environment.swift in Sources */,
				4AD9355B1CBAFF9F0055B043 /* LearningNetworkEvolutionFitnessAgent.swift in Sources */,
				4AF11C0E1B3F036C00AED909 /* Individual.swift in Sources */,
				4AD935551CBAFE0A0055B043 /* LearningRuleEvolutionFitnessAgent.swift in Sources */,
				4AF383241CA25E72006D13D4 /* PopulationOperating.swift in Sources */,
				4AE620A01B39A1D60033980F /* GeneticAlgorithm.swift in Sources */,
				4AD3F53F1B33097C000E9BA4 /* EvolutionOfLearningGeneticAlgorithmTests.swift in Sources */,
				4AF11C121B4092EB00AED909 /* Population.swift in Sources */,
				4A9B76C61B55574800BE653D /* Array-Extensions.swift in Sources */,
				4A7A1DCD1B9FF4AE001F5C18 /* ChalmersExperiment.swift in Sources */,
				4A825EDE1B2D019E00C8CEA3 /* EvolutionOfLearningTests.swift in Sources */,
				4A13A0D61B64404D0047E858 /* SupervisedLearningRule.swift in Sources */,
				4A7E069A1B5C536A0000E561 /* Task.swift in Sources */,
				4A620D161C8BB5610084B0A2 /* ReproductionAgent.swift in Sources */,
				4A364B011CEA3A48009398AF /* RecordPersisting.swift in Sources */,
				4AE99EA51C7A83770096D321 /* NeuralNetworkTests.swift in Sources */,
				4A7FDE451C79592F00E79AB9 /* DataFetcher.swift in Sources */,
				4A1BE8BB1C8FF33900790B3A /* LearningTest.swift in Sources */,
				4A12524B1BA860FC0096A717 /* Document.xcdatamodeld in Sources */,
				4A7E06941B5C2FC40000E561 /* Experiment.swift in Sources */,
				4AD030F51C803797005266E8 /* GeneMap.swift in Sources */,
				4A1D739E1B54A8C300E788B9 /* ArrayWrapper.swift in Sources */,
				4A50A8351B30F9F10004BC5D /* Chromosome.swift in Sources */,
				4A9A9FD81C6A471500073469 /* HelperTests.swift in Sources */,
				4A7E069D1B5C63190000E561 /* Pattern.swift in Sources */,
				4A620D191C8D40BB0084B0A2 /* Evolution.swift in Sources */,
				4A2EE7A61BEFF4B2007D17FD /* FeedForwardNeuralNetwork.swift in Sources */,
				4A0583321C92A19400F3D0E0 /* ExperimentConfig.swift in Sources */,
				4AD935581CBAFE880055B043 /* NetworkEvolutionFitnessAgent.swift in Sources */,
				4AF383271CA26237006D13D4 /* PopulationOperator.swift in Sources */,
				4A05832C1C928C4000F3D0E0 /* GeneMapTests.swift in Sources */,
				4A447FF61C63A9A100C5BDF0 /* IndexedDictionary.swift in Sources */,
				4A620D101C8B75030084B0A2 /* TaskParser.swift in Sources */,
				4A02D6551C7E0EFB004D98DF /* ControlEventHandler.swift in Sources */,
				4A825EFC1B2D057B00C8CEA3 /* SingleLayerNeuralNetwork.swift in Sources */,
				4A2EE7A01BEE8DA4007D17FD /* FitnessAgent.swift in Sources */,
				4A620D131C8BB02A0084B0A2 /* ConcurrentDispatcher.swift in Sources */,
			);
			runOnlyForDeploymentPostprocessing = 0;
		};
		4A825EE01B2D019E00C8CEA3 /* Sources */ = {
			isa = PBXSourcesBuildPhase;
			buildActionMask = 2147483647;
			files = (
				4A02D6561C7E0EFB004D98DF /* ControlEventHandler.swift in Sources */,
				4A02D6521C7E0A1B004D98DF /* DocumentWindowController.swift in Sources */,
				4A02D6931C7E1358004D98DF /* ConfigurationWindowController.swift in Sources */,
				4A825EE91B2D019E00C8CEA3 /* EvolutionOfLearningUITests.swift in Sources */,
			);
			runOnlyForDeploymentPostprocessing = 0;
		};
/* End PBXSourcesBuildPhase section */

/* Begin PBXTargetDependency section */
		4A825EDB1B2D019E00C8CEA3 /* PBXTargetDependency */ = {
			isa = PBXTargetDependency;
			target = 4A825EC11B2D019E00C8CEA3 /* EvolutionOfLearning */;
			targetProxy = 4A825EDA1B2D019E00C8CEA3 /* PBXContainerItemProxy */;
		};
		4A825EE61B2D019E00C8CEA3 /* PBXTargetDependency */ = {
			isa = PBXTargetDependency;
			target = 4A825EC11B2D019E00C8CEA3 /* EvolutionOfLearning */;
			targetProxy = 4A825EE51B2D019E00C8CEA3 /* PBXContainerItemProxy */;
		};
/* End PBXTargetDependency section */

/* Begin PBXVariantGroup section */
		4A825EC91B2D019E00C8CEA3 /* Document.xib */ = {
			isa = PBXVariantGroup;
			children = (
				4A825ECA1B2D019E00C8CEA3 /* Base */,
			);
			name = Document.xib;
			sourceTree = "<group>";
		};
		4A825ED11B2D019E00C8CEA3 /* MainMenu.xib */ = {
			isa = PBXVariantGroup;
			children = (
				4A825ED21B2D019E00C8CEA3 /* Base */,
			);
			name = MainMenu.xib;
			sourceTree = "<group>";
		};
/* End PBXVariantGroup section */

/* Begin XCBuildConfiguration section */
		4A825EEB1B2D019E00C8CEA3 /* Debug */ = {
			isa = XCBuildConfiguration;
			buildSettings = {
				ALWAYS_SEARCH_USER_PATHS = NO;
				CLANG_CXX_LANGUAGE_STANDARD = "gnu++0x";
				CLANG_CXX_LIBRARY = "libc++";
				CLANG_ENABLE_MODULES = YES;
				CLANG_ENABLE_OBJC_ARC = YES;
				CLANG_WARN_BOOL_CONVERSION = YES;
				CLANG_WARN_CONSTANT_CONVERSION = YES;
				CLANG_WARN_DIRECT_OBJC_ISA_USAGE = YES_ERROR;
				CLANG_WARN_EMPTY_BODY = YES;
				CLANG_WARN_ENUM_CONVERSION = YES;
				CLANG_WARN_INT_CONVERSION = YES;
				CLANG_WARN_OBJC_ROOT_CLASS = YES_ERROR;
				CLANG_WARN_UNREACHABLE_CODE = YES;
				CLANG_WARN__DUPLICATE_METHOD_MATCH = YES;
				CODE_SIGN_IDENTITY = "-";
				COPY_PHASE_STRIP = NO;
				DEBUG_INFORMATION_FORMAT = dwarf;
				ENABLE_STRICT_OBJC_MSGSEND = YES;
				ENABLE_TESTABILITY = YES;
				GCC_C_LANGUAGE_STANDARD = gnu99;
				GCC_DYNAMIC_NO_PIC = NO;
				GCC_NO_COMMON_BLOCKS = YES;
				GCC_OPTIMIZATION_LEVEL = 0;
				GCC_PREPROCESSOR_DEFINITIONS = (
					"DEBUG=1",
					"$(inherited)",
				);
				GCC_WARN_64_TO_32_BIT_CONVERSION = YES;
				GCC_WARN_ABOUT_RETURN_TYPE = YES_ERROR;
				GCC_WARN_UNDECLARED_SELECTOR = YES;
				GCC_WARN_UNINITIALIZED_AUTOS = YES_AGGRESSIVE;
				GCC_WARN_UNUSED_FUNCTION = YES;
				GCC_WARN_UNUSED_VARIABLE = YES;
				MACOSX_DEPLOYMENT_TARGET = 10.11;
				MTL_ENABLE_DEBUG_INFO = YES;
				ONLY_ACTIVE_ARCH = YES;
				SDKROOT = macosx;
				SWIFT_OPTIMIZATION_LEVEL = "-Onone";
			};
			name = Debug;
		};
		4A825EEC1B2D019E00C8CEA3 /* Release */ = {
			isa = XCBuildConfiguration;
			buildSettings = {
				ALWAYS_SEARCH_USER_PATHS = NO;
				CLANG_CXX_LANGUAGE_STANDARD = "gnu++0x";
				CLANG_CXX_LIBRARY = "libc++";
				CLANG_ENABLE_MODULES = YES;
				CLANG_ENABLE_OBJC_ARC = YES;
				CLANG_WARN_BOOL_CONVERSION = YES;
				CLANG_WARN_CONSTANT_CONVERSION = YES;
				CLANG_WARN_DIRECT_OBJC_ISA_USAGE = YES_ERROR;
				CLANG_WARN_EMPTY_BODY = YES;
				CLANG_WARN_ENUM_CONVERSION = YES;
				CLANG_WARN_INT_CONVERSION = YES;
				CLANG_WARN_OBJC_ROOT_CLASS = YES_ERROR;
				CLANG_WARN_UNREACHABLE_CODE = YES;
				CLANG_WARN__DUPLICATE_METHOD_MATCH = YES;
				CODE_SIGN_IDENTITY = "-";
				COPY_PHASE_STRIP = NO;
				DEBUG_INFORMATION_FORMAT = "dwarf-with-dsym";
				ENABLE_NS_ASSERTIONS = NO;
				ENABLE_STRICT_OBJC_MSGSEND = YES;
				GCC_C_LANGUAGE_STANDARD = gnu99;
				GCC_NO_COMMON_BLOCKS = YES;
				GCC_WARN_64_TO_32_BIT_CONVERSION = YES;
				GCC_WARN_ABOUT_RETURN_TYPE = YES_ERROR;
				GCC_WARN_UNDECLARED_SELECTOR = YES;
				GCC_WARN_UNINITIALIZED_AUTOS = YES_AGGRESSIVE;
				GCC_WARN_UNUSED_FUNCTION = YES;
				GCC_WARN_UNUSED_VARIABLE = YES;
				MACOSX_DEPLOYMENT_TARGET = 10.11;
				MTL_ENABLE_DEBUG_INFO = NO;
				SDKROOT = macosx;
			};
			name = Release;
		};
		4A825EEE1B2D019E00C8CEA3 /* Debug */ = {
			isa = XCBuildConfiguration;
			buildSettings = {
				ASSETCATALOG_COMPILER_APPICON_NAME = AppIcon;
				COMBINE_HIDPI_IMAGES = YES;
				INFOPLIST_FILE = EvolutionOfLearning/Info.plist;
				LD_RUNPATH_SEARCH_PATHS = "$(inherited) @executable_path/../Frameworks";
				PRODUCT_BUNDLE_IDENTIFIER = BryanHoke.EvolutionOfLearning;
				PRODUCT_NAME = "$(TARGET_NAME)";
			};
			name = Debug;
		};
		4A825EEF1B2D019E00C8CEA3 /* Release */ = {
			isa = XCBuildConfiguration;
			buildSettings = {
				ASSETCATALOG_COMPILER_APPICON_NAME = AppIcon;
				COMBINE_HIDPI_IMAGES = YES;
				INFOPLIST_FILE = EvolutionOfLearning/Info.plist;
				LD_RUNPATH_SEARCH_PATHS = "$(inherited) @executable_path/../Frameworks";
				PRODUCT_BUNDLE_IDENTIFIER = BryanHoke.EvolutionOfLearning;
				PRODUCT_NAME = "$(TARGET_NAME)";
				SWIFT_OPTIMIZATION_LEVEL = "-Owholemodule";
			};
			name = Release;
		};
		4A825EF11B2D019E00C8CEA3 /* Debug */ = {
			isa = XCBuildConfiguration;
			buildSettings = {
				BUNDLE_LOADER = "$(TEST_HOST)";
				COMBINE_HIDPI_IMAGES = YES;
				INFOPLIST_FILE = EvolutionOfLearningTests/Info.plist;
				LD_RUNPATH_SEARCH_PATHS = "$(inherited) @executable_path/../Frameworks @loader_path/../Frameworks";
				PRODUCT_BUNDLE_IDENTIFIER = BryanHoke.EvolutionOfLearningTests;
				PRODUCT_NAME = "$(TARGET_NAME)";
				TEST_HOST = "$(BUILT_PRODUCTS_DIR)/EvolutionOfLearning.app/Contents/MacOS/EvolutionOfLearning";
			};
			name = Debug;
		};
		4A825EF21B2D019E00C8CEA3 /* Release */ = {
			isa = XCBuildConfiguration;
			buildSettings = {
				BUNDLE_LOADER = "$(TEST_HOST)";
				COMBINE_HIDPI_IMAGES = YES;
				INFOPLIST_FILE = EvolutionOfLearningTests/Info.plist;
				LD_RUNPATH_SEARCH_PATHS = "$(inherited) @executable_path/../Frameworks @loader_path/../Frameworks";
				PRODUCT_BUNDLE_IDENTIFIER = BryanHoke.EvolutionOfLearningTests;
				PRODUCT_NAME = "$(TARGET_NAME)";
				SWIFT_OPTIMIZATION_LEVEL = "-Owholemodule";
				TEST_HOST = "$(BUILT_PRODUCTS_DIR)/EvolutionOfLearning.app/Contents/MacOS/EvolutionOfLearning";
			};
			name = Release;
		};
		4A825EF41B2D019E00C8CEA3 /* Debug */ = {
			isa = XCBuildConfiguration;
			buildSettings = {
				COMBINE_HIDPI_IMAGES = YES;
				INFOPLIST_FILE = EvolutionOfLearningUITests/Info.plist;
				LD_RUNPATH_SEARCH_PATHS = "$(inherited) @executable_path/../Frameworks @loader_path/../Frameworks";
				PRODUCT_BUNDLE_IDENTIFIER = BryanHoke.EvolutionOfLearningUITests;
				PRODUCT_NAME = "$(TARGET_NAME)";
				TEST_TARGET_NAME = EvolutionOfLearning;
				USES_XCTRUNNER = YES;
			};
			name = Debug;
		};
		4A825EF51B2D019E00C8CEA3 /* Release */ = {
			isa = XCBuildConfiguration;
			buildSettings = {
				COMBINE_HIDPI_IMAGES = YES;
				INFOPLIST_FILE = EvolutionOfLearningUITests/Info.plist;
				LD_RUNPATH_SEARCH_PATHS = "$(inherited) @executable_path/../Frameworks @loader_path/../Frameworks";
				PRODUCT_BUNDLE_IDENTIFIER = BryanHoke.EvolutionOfLearningUITests;
				PRODUCT_NAME = "$(TARGET_NAME)";
				TEST_TARGET_NAME = EvolutionOfLearning;
				USES_XCTRUNNER = YES;
			};
			name = Release;
		};
/* End XCBuildConfiguration section */

/* Begin XCConfigurationList section */
		4A825EBD1B2D019E00C8CEA3 /* Build configuration list for PBXProject "EvolutionOfLearning" */ = {
			isa = XCConfigurationList;
			buildConfigurations = (
				4A825EEB1B2D019E00C8CEA3 /* Debug */,
				4A825EEC1B2D019E00C8CEA3 /* Release */,
			);
			defaultConfigurationIsVisible = 0;
			defaultConfigurationName = Release;
		};
		4A825EED1B2D019E00C8CEA3 /* Build configuration list for PBXNativeTarget "EvolutionOfLearning" */ = {
			isa = XCConfigurationList;
			buildConfigurations = (
				4A825EEE1B2D019E00C8CEA3 /* Debug */,
				4A825EEF1B2D019E00C8CEA3 /* Release */,
			);
			defaultConfigurationIsVisible = 0;
			defaultConfigurationName = Release;
		};
		4A825EF01B2D019E00C8CEA3 /* Build configuration list for PBXNativeTarget "EvolutionOfLearningTests" */ = {
			isa = XCConfigurationList;
			buildConfigurations = (
				4A825EF11B2D019E00C8CEA3 /* Debug */,
				4A825EF21B2D019E00C8CEA3 /* Release */,
			);
			defaultConfigurationIsVisible = 0;
			defaultConfigurationName = Release;
		};
		4A825EF31B2D019E00C8CEA3 /* Build configuration list for PBXNativeTarget "EvolutionOfLearningUITests" */ = {
			isa = XCConfigurationList;
			buildConfigurations = (
				4A825EF41B2D019E00C8CEA3 /* Debug */,
				4A825EF51B2D019E00C8CEA3 /* Release */,
			);
			defaultConfigurationIsVisible = 0;
			defaultConfigurationName = Release;
		};
/* End XCConfigurationList section */

/* Begin XCVersionGroup section */
		4A825ECC1B2D019E00C8CEA3 /* Document.xcdatamodeld */ = {
			isa = XCVersionGroup;
			children = (
				4A825ECD1B2D019E00C8CEA3 /* Document.xcdatamodel */,
			);
			currentVersion = 4A825ECD1B2D019E00C8CEA3 /* Document.xcdatamodel */;
			path = Document.xcdatamodeld;
			sourceTree = "<group>";
			versionGroupType = wrapper.xcdatamodel;
		};
/* End XCVersionGroup section */
	};
	rootObject = 4A825EBA1B2D019E00C8CEA3 /* Project object */;
}
